// !$*UTF8*$!
{
	archiveVersion = 1;
	classes = {
	};
	objectVersion = 46;
	objects = {

/* Begin PBXBuildFile section */
		01DDD17E1F88404100FC12C9 /* main.m in Sources */ = {isa = PBXBuildFile; fileRef = 01DDD17D1F88404100FC12C9 /* main.m */; };
		01DDD1871F88519400FC12C9 /* InputCollector.m in Sources */ = {isa = PBXBuildFile; fileRef = 01DDD1861F88519400FC12C9 /* InputCollector.m */; };
		01DDD18D1F885E3100FC12C9 /* Player.m in Sources */ = {isa = PBXBuildFile; fileRef = 01DDD18C1F885E3100FC12C9 /* Player.m */; };
		01DDD1961F8BCCC700FC12C9 /* PlayerManager.m in Sources */ = {isa = PBXBuildFile; fileRef = 01DDD1951F8BCCC700FC12C9 /* PlayerManager.m */; };
		01DDD1991F8BD31800FC12C9 /* GameBoard.m in Sources */ = {isa = PBXBuildFile; fileRef = 01DDD1981F8BD31800FC12C9 /* GameBoard.m */; };
/* End PBXBuildFile section */

/* Begin PBXCopyFilesBuildPhase section */
		01DDD1781F88404100FC12C9 /* CopyFiles */ = {
			isa = PBXCopyFilesBuildPhase;
			buildActionMask = 2147483647;
			dstPath = /usr/share/man/man1/;
			dstSubfolderSpec = 0;
			files = (
			);
			runOnlyForDeploymentPostprocessing = 1;
		};
/* End PBXCopyFilesBuildPhase section */

/* Begin PBXFileReference section */
		01DDD17A1F88404100FC12C9 /* SnakesAndLadders */ = {isa = PBXFileReference; explicitFileType = "compiled.mach-o.executable"; includeInIndex = 0; path = SnakesAndLadders; sourceTree = BUILT_PRODUCTS_DIR; };
		01DDD17D1F88404100FC12C9 /* main.m */ = {isa = PBXFileReference; lastKnownFileType = sourcecode.c.objc; path = main.m; sourceTree = "<group>"; };
		01DDD1841F88518100FC12C9 /* general_defines.h */ = {isa = PBXFileReference; fileEncoding = 4; lastKnownFileType = sourcecode.c.h; path = general_defines.h; sourceTree = "<group>"; };
		01DDD1851F88519400FC12C9 /* InputCollector.h */ = {isa = PBXFileReference; fileEncoding = 4; lastKnownFileType = sourcecode.c.h; path = InputCollector.h; sourceTree = "<group>"; };
		01DDD1861F88519400FC12C9 /* InputCollector.m */ = {isa = PBXFileReference; fileEncoding = 4; lastKnownFileType = sourcecode.c.objc; path = InputCollector.m; sourceTree = "<group>"; };
		01DDD1891F8853CD00FC12C9 /* SnakesAndLadders-Prefix.pch */ = {isa = PBXFileReference; lastKnownFileType = sourcecode.c.h; path = "SnakesAndLadders-Prefix.pch"; sourceTree = "<group>"; };
		01DDD18B1F885E3100FC12C9 /* Player.h */ = {isa = PBXFileReference; fileEncoding = 4; lastKnownFileType = sourcecode.c.h; path = Player.h; sourceTree = "<group>"; };
		01DDD18C1F885E3100FC12C9 /* Player.m */ = {isa = PBXFileReference; fileEncoding = 4; lastKnownFileType = sourcecode.c.objc; path = Player.m; sourceTree = "<group>"; };
		01DDD1941F8BCCC700FC12C9 /* PlayerManager.h */ = {isa = PBXFileReference; fileEncoding = 4; lastKnownFileType = sourcecode.c.h; path = PlayerManager.h; sourceTree = "<group>"; };
		01DDD1951F8BCCC700FC12C9 /* PlayerManager.m */ = {isa = PBXFileReference; fileEncoding = 4; lastKnownFileType = sourcecode.c.objc; path = PlayerManager.m; sourceTree = "<group>"; };
		01DDD1971F8BD31800FC12C9 /* GameBoard.h */ = {isa = PBXFileReference; fileEncoding = 4; lastKnownFileType = sourcecode.c.h; path = GameBoard.h; sourceTree = "<group>"; };
		01DDD1981F8BD31800FC12C9 /* GameBoard.m */ = {isa = PBXFileReference; fileEncoding = 4; lastKnownFileType = sourcecode.c.objc; path = GameBoard.m; sourceTree = "<group>"; };
/* End PBXFileReference section */

/* Begin PBXFrameworksBuildPhase section */
		01DDD1771F88404100FC12C9 /* Frameworks */ = {
			isa = PBXFrameworksBuildPhase;
			buildActionMask = 2147483647;
			files = (
			);
			runOnlyForDeploymentPostprocessing = 0;
		};
/* End PBXFrameworksBuildPhase section */

/* Begin PBXGroup section */
		01DDD1711F88404100FC12C9 = {
			isa = PBXGroup;
			children = (
				01DDD17C1F88404100FC12C9 /* SnakesAndLadders */,
				01DDD17B1F88404100FC12C9 /* Products */,
			);
			sourceTree = "<group>";
		};
		01DDD17B1F88404100FC12C9 /* Products */ = {
			isa = PBXGroup;
			children = (
				01DDD17A1F88404100FC12C9 /* SnakesAndLadders */,
			);
			name = Products;
			sourceTree = "<group>";
		};
		01DDD17C1F88404100FC12C9 /* SnakesAndLadders */ = {
			isa = PBXGroup;
			children = (
				01DDD17D1F88404100FC12C9 /* main.m */,
				01DDD1971F8BD31800FC12C9 /* GameBoard.h */,
				01DDD1981F8BD31800FC12C9 /* GameBoard.m */,
				01DDD18B1F885E3100FC12C9 /* Player.h */,
				01DDD18C1F885E3100FC12C9 /* Player.m */,
				01DDD1941F8BCCC700FC12C9 /* PlayerManager.h */,
				01DDD1951F8BCCC700FC12C9 /* PlayerManager.m */,
				01DDD1851F88519400FC12C9 /* InputCollector.h */,
				01DDD1861F88519400FC12C9 /* InputCollector.m */,
				01DDD1841F88518100FC12C9 /* general_defines.h */,
				01DDD18A1F8853E700FC12C9 /* Supporting Files */,
			);
			path = SnakesAndLadders;
			sourceTree = "<group>";
		};
		01DDD18A1F8853E700FC12C9 /* Supporting Files */ = {
			isa = PBXGroup;
			children = (
				01DDD1891F8853CD00FC12C9 /* SnakesAndLadders-Prefix.pch */,
			);
			name = "Supporting Files";
			sourceTree = "<group>";
		};
/* End PBXGroup section */

/* Begin PBXNativeTarget section */
		01DDD1791F88404100FC12C9 /* SnakesAndLadders */ = {
			isa = PBXNativeTarget;
			buildConfigurationList = 01DDD1811F88404100FC12C9 /* Build configuration list for PBXNativeTarget "SnakesAndLadders" */;
			buildPhases = (
				01DDD1761F88404100FC12C9 /* Sources */,
				01DDD1771F88404100FC12C9 /* Frameworks */,
				01DDD1781F88404100FC12C9 /* CopyFiles */,
			);
			buildRules = (
			);
			dependencies = (
			);
			name = SnakesAndLadders;
			productName = SnakesAndLadders;
			productReference = 01DDD17A1F88404100FC12C9 /* SnakesAndLadders */;
			productType = "com.apple.product-type.tool";
		};
/* End PBXNativeTarget section */

/* Begin PBXProject section */
		01DDD1721F88404100FC12C9 /* Project object */ = {
			isa = PBXProject;
			attributes = {
				LastUpgradeCheck = 0830;
				ORGANIZATIONNAME = "Nicholas Fung";
				TargetAttributes = {
					01DDD1791F88404100FC12C9 = {
						CreatedOnToolsVersion = 8.3.3;
						DevelopmentTeam = 48KFD7RJD2;
						ProvisioningStyle = Automatic;
					};
				};
			};
			buildConfigurationList = 01DDD1751F88404100FC12C9 /* Build configuration list for PBXProject "SnakesAndLadders" */;
			compatibilityVersion = "Xcode 3.2";
			developmentRegion = English;
			hasScannedForEncodings = 0;
			knownRegions = (
				en,
			);
			mainGroup = 01DDD1711F88404100FC12C9;
			productRefGroup = 01DDD17B1F88404100FC12C9 /* Products */;
			projectDirPath = "";
			projectRoot = "";
			targets = (
				01DDD1791F88404100FC12C9 /* SnakesAndLadders */,
			);
		};
/* End PBXProject section */

/* Begin PBXSourcesBuildPhase section */
		01DDD1761F88404100FC12C9 /* Sources */ = {
			isa = PBXSourcesBuildPhase;
			buildActionMask = 2147483647;
			files = (
				01DDD1871F88519400FC12C9 /* InputCollector.m in Sources */,
				01DDD18D1F885E3100FC12C9 /* Player.m in Sources */,
				01DDD1991F8BD31800FC12C9 /* GameBoard.m in Sources */,
				01DDD1961F8BCCC700FC12C9 /* PlayerManager.m in Sources */,
				01DDD17E1F88404100FC12C9 /* main.m in Sources */,
			);
			runOnlyForDeploymentPostprocessing = 0;
		};
/* End PBXSourcesBuildPhase section */

/* Begin XCBuildConfiguration section */
		01DDD17F1F88404100FC12C9 /* Debug */ = {
			isa = XCBuildConfiguration;
			buildSettings = {
				ALWAYS_SEARCH_USER_PATHS = NO;
				CLANG_ANALYZER_NONNULL = YES;
				CLANG_ANALYZER_NUMBER_OBJECT_CONVERSION = YES_AGGRESSIVE;
				CLANG_CXX_LANGUAGE_STANDARD = "gnu++0x";
				CLANG_CXX_LIBRARY = "libc++";
				CLANG_ENABLE_MODULES = YES;
				CLANG_ENABLE_OBJC_ARC = YES;
				CLANG_WARN_BOOL_CONVERSION = YES;
				CLANG_WARN_CONSTANT_CONVERSION = YES;
				CLANG_WARN_DIRECT_OBJC_ISA_USAGE = YES_ERROR;
				CLANG_WARN_DOCUMENTATION_COMMENTS = YES;
				CLANG_WARN_EMPTY_BODY = YES;
				CLANG_WARN_ENUM_CONVERSION = YES;
				CLANG_WARN_INFINITE_RECURSION = YES;
				CLANG_WARN_INT_CONVERSION = YES;
				CLANG_WARN_OBJC_ROOT_CLASS = YES_ERROR;
				CLANG_WARN_SUSPICIOUS_MOVE = YES;
				CLANG_WARN_UNREACHABLE_CODE = YES;
				CLANG_WARN__DUPLICATE_METHOD_MATCH = YES;
				CODE_SIGN_IDENTITY = "-";
				COPY_PHASE_STRIP = NO;
				DEBUG_INFORMATION_FORMAT = dwarf;
				ENABLE_STRICT_OBJC_MSGSEND = YES;
				ENABLE_TESTABILITY = YES;
				GCC_C_LANGUAGE_STANDARD = gnu99;
				GCC_DYNAMIC_NO_PIC = NO;
				GCC_NO_COMMON_BLOCKS = YES;
				GCC_OPTIMIZATION_LEVEL = 0;
				GCC_PREPROCESSOR_DEFINITIONS = (
					"DEBUG=1",
					"$(inherited)",
				);
				GCC_WARN_64_TO_32_BIT_CONVERSION = YES;
				GCC_WARN_ABOUT_RETURN_TYPE = YES_ERROR;
				GCC_WARN_UNDECLARED_SELECTOR = YES;
				GCC_WARN_UNINITIALIZED_AUTOS = YES_AGGRESSIVE;
				GCC_WARN_UNUSED_FUNCTION = YES;
				GCC_WARN_UNUSED_VARIABLE = YES;
				MACOSX_DEPLOYMENT_TARGET = 10.12;
				MTL_ENABLE_DEBUG_INFO = YES;
				ONLY_ACTIVE_ARCH = YES;
				SDKROOT = macosx;
			};
			name = Debug;
		};
		01DDD1801F88404100FC12C9 /* Release */ = {
			isa = XCBuildConfiguration;
			buildSettings = {
				ALWAYS_SEARCH_USER_PATHS = NO;
				CLANG_ANALYZER_NONNULL = YES;
				CLANG_ANALYZER_NUMBER_OBJECT_CONVERSION = YES_AGGRESSIVE;
				CLANG_CXX_LANGUAGE_STANDARD = "gnu++0x";
				CLANG_CXX_LIBRARY = "libc++";
				CLANG_ENABLE_MODULES = YES;
				CLANG_ENABLE_OBJC_ARC = YES;
				CLANG_WARN_BOOL_CONVERSION = YES;
				CLANG_WARN_CONSTANT_CONVERSION = YES;
				CLANG_WARN_DIRECT_OBJC_ISA_USAGE = YES_ERROR;
				CLANG_WARN_DOCUMENTATION_COMMENTS = YES;
				CLANG_WARN_EMPTY_BODY = YES;
				CLANG_WARN_ENUM_CONVERSION = YES;
				CLANG_WARN_INFINITE_RECURSION = YES;
				CLANG_WARN_INT_CONVERSION = YES;
				CLANG_WARN_OBJC_ROOT_CLASS = YES_ERROR;
				CLANG_WARN_SUSPICIOUS_MOVE = YES;
				CLANG_WARN_UNREACHABLE_CODE = YES;
				CLANG_WARN__DUPLICATE_METHOD_MATCH = YES;
				CODE_SIGN_IDENTITY = "-";
				COPY_PHASE_STRIP = NO;
				DEBUG_INFORMATION_FORMAT = "dwarf-with-dsym";
				ENABLE_NS_ASSERTIONS = NO;
				ENABLE_STRICT_OBJC_MSGSEND = YES;
				GCC_C_LANGUAGE_STANDARD = gnu99;
				GCC_NO_COMMON_BLOCKS = YES;
				GCC_WARN_64_TO_32_BIT_CONVERSION = YES;
				GCC_WARN_ABOUT_RETURN_TYPE = YES_ERROR;
				GCC_WARN_UNDECLARED_SELECTOR = YES;
				GCC_WARN_UNINITIALIZED_AUTOS = YES_AGGRESSIVE;
				GCC_WARN_UNUSED_FUNCTION = YES;
				GCC_WARN_UNUSED_VARIABLE = YES;
				MACOSX_DEPLOYMENT_TARGET = 10.12;
				MTL_ENABLE_DEBUG_INFO = NO;
				SDKROOT = macosx;
			};
			name = Release;
		};
		01DDD1821F88404100FC12C9 /* Debug */ = {
			isa = XCBuildConfiguration;
			buildSettings = {
				DEVELOPMENT_TEAM = 48KFD7RJD2;
				GCC_PREFIX_HEADER = "$(PROJECT_NAME)/SnakesAndLadders-Prefix.pch";
				PRODUCT_NAME = "$(TARGET_NAME)";
			};
			name = Debug;
		};
		01DDD1831F88404100FC12C9 /* Release */ = {
			isa = XCBuildConfiguration;
			buildSettings = {
				DEVELOPMENT_TEAM = 48KFD7RJD2;
				GCC_PREFIX_HEADER = "$(PROJECT_NAME)/SnakesAndLadders-Prefix.pch";
				PRODUCT_NAME = "$(TARGET_NAME)";
			};
			name = Release;
		};
/* End XCBuildConfiguration section */

/* Begin XCConfigurationList section */
		01DDD1751F88404100FC12C9 /* Build configuration list for PBXProject "SnakesAndLadders" */ = {
			isa = XCConfigurationList;
			buildConfigurations = (
				01DDD17F1F88404100FC12C9 /* Debug */,
				01DDD1801F88404100FC12C9 /* Release */,
			);
			defaultConfigurationIsVisible = 0;
			defaultConfigurationName = Release;
		};
		01DDD1811F88404100FC12C9 /* Build configuration list for PBXNativeTarget "SnakesAndLadders" */ = {
			isa = XCConfigurationList;
			buildConfigurations = (
				01DDD1821F88404100FC12C9 /* Debug */,
				01DDD1831F88404100FC12C9 /* Release */,
			);
			defaultConfigurationIsVisible = 0;
			defaultConfigurationName = Release;
		};
/* End XCConfigurationList section */
	};
	rootObject = 01DDD1721F88404100FC12C9 /* Project object */;
}
